
Microsoft Visual Studio Solution File, Format Version 12.00
# Visual Studio Version 16
VisualStudioVersion = 16.0.29306.81
MinimumVisualStudioVersion = 10.0.40219.1
Project("{FAE04EC0-301F-11D3-BF4B-00C04F79EFBC}") = "AlienFighter.Android", "AlienFighter\AlienFighter.Android\AlienFighter.Android.csproj", "{07A44730-D838-4D2A-9C94-7E3B2BACF0B2}"
EndProject
Project("{FAE04EC0-301F-11D3-BF4B-00C04F79EFBC}") = "AlienFighter", "AlienFighter\AlienFighter\AlienFighter.csproj", "{6D4AAD22-CA06-4201-8F7C-5C60BE04EBA2}"
EndProject
Global
	GlobalSection(SolutionConfigurationPlatforms) = preSolution
		Debug|Any CPU = Debug|Any CPU
		Release|Any CPU = Release|Any CPU
	EndGlobalSection
	GlobalSection(ProjectConfigurationPlatforms) = postSolution
		{07A44730-D838-4D2A-9C94-7E3B2BACF0B2}.Debug|Any CPU.ActiveCfg = Debug|Any CPU
		{07A44730-D838-4D2A-9C94-7E3B2BACF0B2}.Debug|Any CPU.Build.0 = Debug|Any CPU
		{07A44730-D838-4D2A-9C94-7E3B2BACF0B2}.Debug|Any CPU.Deploy.0 = Debug|Any CPU
		{07A44730-D838-4D2A-9C94-7E3B2BACF0B2}.Release|Any CPU.ActiveCfg = Release|Any CPU
		{07A44730-D838-4D2A-9C94-7E3B2BACF0B2}.Release|Any CPU.Build.0 = Release|Any CPU
		{07A44730-D838-4D2A-9C94-7E3B2BACF0B2}.Release|Any CPU.Deploy.0 = Release|Any CPU
		{6D4AAD22-CA06-4201-8F7C-5C60BE04EBA2}.Debug|Any CPU.ActiveCfg = Debug|Any CPU
		{6D4AAD22-CA06-4201-8F7C-5C60BE04EBA2}.Debug|Any CPU.Build.0 = Debug|Any CPU
		{6D4AAD22-CA06-4201-8F7C-5C60BE04EBA2}.Debug|Any CPU.Deploy.0 = Debug|Any CPU
		{6D4AAD22-CA06-4201-8F7C-5C60BE04EBA2}.Release|Any CPU.ActiveCfg = Release|Any CPU
		{6D4AAD22-CA06-4201-8F7C-5C60BE04EBA2}.Release|Any CPU.Build.0 = Release|Any CPU
		{6D4AAD22-CA06-4201-8F7C-5C60BE04EBA2}.Release|Any CPU.Deploy.0 = Release|Any CPU
	EndGlobalSection
	GlobalSection(SolutionProperties) = preSolution
		HideSolutionNode = FALSE
	EndGlobalSection
	GlobalSection(ExtensibilityGlobals) = postSolution
		SolutionGuid = {FE6D81A4-BFCC-46B7-8B90-EBDE337C6096}
	EndGlobalSection
EndGlobal
